// !$*UTF8*$!
{
	archiveVersion = 1;
	classes = {
	};
	objectVersion = 46;
	objects = {

/* Begin PBXBuildFile section */
		E9DF75111D9E488C00F77E56 /* main.cpp in Sources */ = {isa = PBXBuildFile; fileRef = E9DF75101D9E488C00F77E56 /* main.cpp */; };
		E9DF75331D9E497600F77E56 /* AstraNet.cpp in Sources */ = {isa = PBXBuildFile; fileRef = E9DF752A1D9E497600F77E56 /* AstraNet.cpp */; };
		E9DF75341D9E497600F77E56 /* Layer.cpp in Sources */ = {isa = PBXBuildFile; fileRef = E9DF752D1D9E497600F77E56 /* Layer.cpp */; };
/* End PBXBuildFile section */

/* Begin PBXCopyFilesBuildPhase section */
		E9DF75041D9E483800F77E56 /* CopyFiles */ = {
			isa = PBXCopyFilesBuildPhase;
			buildActionMask = 2147483647;
			dstPath = /usr/share/man/man1/;
			dstSubfolderSpec = 0;
			files = (
			);
			runOnlyForDeploymentPostprocessing = 1;
		};
/* End PBXCopyFilesBuildPhase section */

/* Begin PBXFileReference section */
		E9DF75061D9E483900F77E56 /* astra-nn */ = {isa = PBXFileReference; explicitFileType = "compiled.mach-o.executable"; includeInIndex = 0; path = "astra-nn"; sourceTree = BUILT_PRODUCTS_DIR; };
		E9DF75101D9E488C00F77E56 /* main.cpp */ = {isa = PBXFileReference; fileEncoding = 4; lastKnownFileType = sourcecode.cpp.cpp; path = main.cpp; sourceTree = "<group>"; };
		E9DF75271D9E497600F77E56 /* ActivationFunction.hpp */ = {isa = PBXFileReference; fileEncoding = 4; lastKnownFileType = sourcecode.cpp.h; path = ActivationFunction.hpp; sourceTree = "<group>"; };
		E9DF75281D9E497600F77E56 /* SigActivationFunction.h */ = {isa = PBXFileReference; fileEncoding = 4; lastKnownFileType = sourcecode.c.h; path = SigActivationFunction.h; sourceTree = "<group>"; };
		E9DF75291D9E497600F77E56 /* TanhActivationFunction.h */ = {isa = PBXFileReference; fileEncoding = 4; lastKnownFileType = sourcecode.c.h; path = TanhActivationFunction.h; sourceTree = "<group>"; };
		E9DF752A1D9E497600F77E56 /* AstraNet.cpp */ = {isa = PBXFileReference; fileEncoding = 4; lastKnownFileType = sourcecode.cpp.cpp; path = AstraNet.cpp; sourceTree = "<group>"; };
		E9DF752B1D9E497600F77E56 /* AstraNet.hpp */ = {isa = PBXFileReference; fileEncoding = 4; lastKnownFileType = sourcecode.cpp.h; path = AstraNet.hpp; sourceTree = "<group>"; };
		E9DF752D1D9E497600F77E56 /* Layer.cpp */ = {isa = PBXFileReference; fileEncoding = 4; lastKnownFileType = sourcecode.cpp.cpp; path = Layer.cpp; sourceTree = "<group>"; };
		E9DF752E1D9E497600F77E56 /* Layer.hpp */ = {isa = PBXFileReference; fileEncoding = 4; lastKnownFileType = sourcecode.cpp.h; path = Layer.hpp; sourceTree = "<group>"; };
		E9DF75301D9E497600F77E56 /* InputVector.hpp */ = {isa = PBXFileReference; fileEncoding = 4; lastKnownFileType = sourcecode.cpp.h; path = InputVector.hpp; sourceTree = "<group>"; };
		E9DF75311D9E497600F77E56 /* Matrix.hpp */ = {isa = PBXFileReference; fileEncoding = 4; lastKnownFileType = sourcecode.cpp.h; path = Matrix.hpp; sourceTree = "<group>"; };
		E9DF75321D9E497600F77E56 /* Vector.hpp */ = {isa = PBXFileReference; fileEncoding = 4; lastKnownFileType = sourcecode.cpp.h; path = Vector.hpp; sourceTree = "<group>"; };
/* End PBXFileReference section */

/* Begin PBXFrameworksBuildPhase section */
		E9DF75031D9E483800F77E56 /* Frameworks */ = {
			isa = PBXFrameworksBuildPhase;
			buildActionMask = 2147483647;
			files = (
			);
			runOnlyForDeploymentPostprocessing = 0;
		};
/* End PBXFrameworksBuildPhase section */

/* Begin PBXGroup section */
		E9DF74FD1D9E483800F77E56 = {
			isa = PBXGroup;
			children = (
				E9DF75251D9E497600F77E56 /* AstraNet */,
				E9DF75101D9E488C00F77E56 /* main.cpp */,
				E9DF75071D9E483900F77E56 /* Products */,
			);
			sourceTree = "<group>";
		};
		E9DF75071D9E483900F77E56 /* Products */ = {
			isa = PBXGroup;
			children = (
				E9DF75061D9E483900F77E56 /* astra-nn */,
			);
			name = Products;
			sourceTree = "<group>";
		};
		E9DF75251D9E497600F77E56 /* AstraNet */ = {
			isa = PBXGroup;
			children = (
				E9DF75261D9E497600F77E56 /* ActivationFunctions */,
				E9DF752A1D9E497600F77E56 /* AstraNet.cpp */,
				E9DF752B1D9E497600F77E56 /* AstraNet.hpp */,
				E9DF752C1D9E497600F77E56 /* Layers */,
				E9DF752F1D9E497600F77E56 /* Math */,
			);
			path = AstraNet;
			sourceTree = "<group>";
		};
		E9DF75261D9E497600F77E56 /* ActivationFunctions */ = {
			isa = PBXGroup;
			children = (
				E9DF75271D9E497600F77E56 /* ActivationFunction.hpp */,
				E9DF75281D9E497600F77E56 /* SigActivationFunction.h */,
				E9DF75291D9E497600F77E56 /* TanhActivationFunction.h */,
			);
			path = ActivationFunctions;
			sourceTree = "<group>";
		};
		E9DF752C1D9E497600F77E56 /* Layers */ = {
			isa = PBXGroup;
			children = (
				E9DF752D1D9E497600F77E56 /* Layer.cpp */,
				E9DF752E1D9E497600F77E56 /* Layer.hpp */,
			);
			path = Layers;
			sourceTree = "<group>";
		};
		E9DF752F1D9E497600F77E56 /* Math */ = {
			isa = PBXGroup;
			children = (
				E9DF75301D9E497600F77E56 /* InputVector.hpp */,
				E9DF75311D9E497600F77E56 /* Matrix.hpp */,
				E9DF75321D9E497600F77E56 /* Vector.hpp */,
			);
			path = Math;
			sourceTree = "<group>";
		};
/* End PBXGroup section */

/* Begin PBXNativeTarget section */
		E9DF75051D9E483800F77E56 /* astra-nn */ = {
			isa = PBXNativeTarget;
			buildConfigurationList = E9DF750D1D9E483900F77E56 /* Build configuration list for PBXNativeTarget "astra-nn" */;
			buildPhases = (
				E9DF75021D9E483800F77E56 /* Sources */,
				E9DF75031D9E483800F77E56 /* Frameworks */,
				E9DF75041D9E483800F77E56 /* CopyFiles */,
			);
			buildRules = (
			);
			dependencies = (
			);
			name = "astra-nn";
			productName = "astra-nn";
			productReference = E9DF75061D9E483900F77E56 /* astra-nn */;
			productType = "com.apple.product-type.tool";
		};
/* End PBXNativeTarget section */

/* Begin PBXProject section */
		E9DF74FE1D9E483800F77E56 /* Project object */ = {
			isa = PBXProject;
			attributes = {
				LastUpgradeCheck = 0800;
				ORGANIZATIONNAME = Pavel;
				TargetAttributes = {
					E9DF75051D9E483800F77E56 = {
						CreatedOnToolsVersion = 8.0;
						DevelopmentTeam = 5B9883WVGJ;
						ProvisioningStyle = Automatic;
					};
				};
			};
			buildConfigurationList = E9DF75011D9E483800F77E56 /* Build configuration list for PBXProject "astra-nn" */;
			compatibilityVersion = "Xcode 3.2";
			developmentRegion = English;
			hasScannedForEncodings = 0;
			knownRegions = (
				en,
			);
			mainGroup = E9DF74FD1D9E483800F77E56;
			productRefGroup = E9DF75071D9E483900F77E56 /* Products */;
			projectDirPath = "";
			projectRoot = "";
			targets = (
				E9DF75051D9E483800F77E56 /* astra-nn */,
			);
		};
/* End PBXProject section */

/* Begin PBXSourcesBuildPhase section */
		E9DF75021D9E483800F77E56 /* Sources */ = {
			isa = PBXSourcesBuildPhase;
			buildActionMask = 2147483647;
			files = (
				E9DF75341D9E497600F77E56 /* Layer.cpp in Sources */,
				E9DF75111D9E488C00F77E56 /* main.cpp in Sources */,
				E9DF75331D9E497600F77E56 /* AstraNet.cpp in Sources */,
			);
			runOnlyForDeploymentPostprocessing = 0;
		};
/* End PBXSourcesBuildPhase section */

/* Begin XCBuildConfiguration section */
		E9DF750B1D9E483900F77E56 /* Debug */ = {
			isa = XCBuildConfiguration;
			buildSettings = {
				ALWAYS_SEARCH_USER_PATHS = NO;
				CLANG_ANALYZER_NONNULL = YES;
				CLANG_CXX_LANGUAGE_STANDARD = "gnu++0x";
				CLANG_CXX_LIBRARY = "libc++";
				CLANG_ENABLE_MODULES = YES;
				CLANG_ENABLE_OBJC_ARC = YES;
				CLANG_WARN_BOOL_CONVERSION = YES;
				CLANG_WARN_CONSTANT_CONVERSION = YES;
				CLANG_WARN_DIRECT_OBJC_ISA_USAGE = YES_ERROR;
				CLANG_WARN_DOCUMENTATION_COMMENTS = YES;
				CLANG_WARN_EMPTY_BODY = YES;
				CLANG_WARN_ENUM_CONVERSION = YES;
				CLANG_WARN_INFINITE_RECURSION = YES;
				CLANG_WARN_INT_CONVERSION = YES;
				CLANG_WARN_OBJC_ROOT_CLASS = YES_ERROR;
				CLANG_WARN_SUSPICIOUS_MOVES = YES;
				CLANG_WARN_UNREACHABLE_CODE = YES;
				CLANG_WARN__DUPLICATE_METHOD_MATCH = YES;
				CODE_SIGN_IDENTITY = "-";
				COPY_PHASE_STRIP = NO;
				DEBUG_INFORMATION_FORMAT = dwarf;
				ENABLE_STRICT_OBJC_MSGSEND = YES;
				ENABLE_TESTABILITY = YES;
				GCC_C_LANGUAGE_STANDARD = gnu99;
				GCC_DYNAMIC_NO_PIC = NO;
				GCC_NO_COMMON_BLOCKS = YES;
				GCC_OPTIMIZATION_LEVEL = 0;
				GCC_PREPROCESSOR_DEFINITIONS = (
					"DEBUG=1",
					"$(inherited)",
				);
				GCC_WARN_64_TO_32_BIT_CONVERSION = YES;
				GCC_WARN_ABOUT_RETURN_TYPE = YES_ERROR;
				GCC_WARN_UNDECLARED_SELECTOR = YES;
				GCC_WARN_UNINITIALIZED_AUTOS = YES_AGGRESSIVE;
				GCC_WARN_UNUSED_FUNCTION = YES;
				GCC_WARN_UNUSED_VARIABLE = YES;
				MACOSX_DEPLOYMENT_TARGET = 10.11;
				MTL_ENABLE_DEBUG_INFO = YES;
				ONLY_ACTIVE_ARCH = YES;
				SDKROOT = macosx;
			};
			name = Debug;
		};
		E9DF750C1D9E483900F77E56 /* Release */ = {
			isa = XCBuildConfiguration;
			buildSettings = {
				ALWAYS_SEARCH_USER_PATHS = NO;
				CLANG_ANALYZER_NONNULL = YES;
				CLANG_CXX_LANGUAGE_STANDARD = "gnu++0x";
				CLANG_CXX_LIBRARY = "libc++";
				CLANG_ENABLE_MODULES = YES;
				CLANG_ENABLE_OBJC_ARC = YES;
				CLANG_WARN_BOOL_CONVERSION = YES;
				CLANG_WARN_CONSTANT_CONVERSION = YES;
				CLANG_WARN_DIRECT_OBJC_ISA_USAGE = YES_ERROR;
				CLANG_WARN_DOCUMENTATION_COMMENTS = YES;
				CLANG_WARN_EMPTY_BODY = YES;
				CLANG_WARN_ENUM_CONVERSION = YES;
				CLANG_WARN_INFINITE_RECURSION = YES;
				CLANG_WARN_INT_CONVERSION = YES;
				CLANG_WARN_OBJC_ROOT_CLASS = YES_ERROR;
				CLANG_WARN_SUSPICIOUS_MOVES = YES;
				CLANG_WARN_UNREACHABLE_CODE = YES;
				CLANG_WARN__DUPLICATE_METHOD_MATCH = YES;
				CODE_SIGN_IDENTITY = "-";
				COPY_PHASE_STRIP = NO;
				DEBUG_INFORMATION_FORMAT = "dwarf-with-dsym";
				ENABLE_NS_ASSERTIONS = NO;
				ENABLE_STRICT_OBJC_MSGSEND = YES;
				GCC_C_LANGUAGE_STANDARD = gnu99;
				GCC_NO_COMMON_BLOCKS = YES;
				GCC_WARN_64_TO_32_BIT_CONVERSION = YES;
				GCC_WARN_ABOUT_RETURN_TYPE = YES_ERROR;
				GCC_WARN_UNDECLARED_SELECTOR = YES;
				GCC_WARN_UNINITIALIZED_AUTOS = YES_AGGRESSIVE;
				GCC_WARN_UNUSED_FUNCTION = YES;
				GCC_WARN_UNUSED_VARIABLE = YES;
				MACOSX_DEPLOYMENT_TARGET = 10.11;
				MTL_ENABLE_DEBUG_INFO = NO;
				SDKROOT = macosx;
			};
			name = Release;
		};
		E9DF750E1D9E483900F77E56 /* Debug */ = {
			isa = XCBuildConfiguration;
			buildSettings = {
				DEVELOPMENT_TEAM = 5B9883WVGJ;
				PRODUCT_NAME = "$(TARGET_NAME)";
			};
			name = Debug;
		};
		E9DF750F1D9E483900F77E56 /* Release */ = {
			isa = XCBuildConfiguration;
			buildSettings = {
				DEVELOPMENT_TEAM = 5B9883WVGJ;
				PRODUCT_NAME = "$(TARGET_NAME)";
			};
			name = Release;
		};
/* End XCBuildConfiguration section */

/* Begin XCConfigurationList section */
		E9DF75011D9E483800F77E56 /* Build configuration list for PBXProject "astra-nn" */ = {
			isa = XCConfigurationList;
			buildConfigurations = (
				E9DF750B1D9E483900F77E56 /* Debug */,
				E9DF750C1D9E483900F77E56 /* Release */,
			);
			defaultConfigurationIsVisible = 0;
			defaultConfigurationName = Release;
		};
		E9DF750D1D9E483900F77E56 /* Build configuration list for PBXNativeTarget "astra-nn" */ = {
			isa = XCConfigurationList;
			buildConfigurations = (
				E9DF750E1D9E483900F77E56 /* Debug */,
				E9DF750F1D9E483900F77E56 /* Release */,
			);
			defaultConfigurationIsVisible = 0;
		};
/* End XCConfigurationList section */
	};
	rootObject = E9DF74FE1D9E483800F77E56 /* Project object */;
}
