// !$*UTF8*$!
{
	archiveVersion = 1;
	classes = {
	};
	objectVersion = 46;
	objects = {

/* Begin PBXBuildFile section */
		65828206761C329C870F7D12 /* TestMath.cpp in Sources */ = {isa = PBXBuildFile; fileRef = 6582892424FE16F43C8E7DA2 /* TestMath.cpp */; };
		658282224A1F3A27D4407D91 /* Image2Cols.cpp in Sources */ = {isa = PBXBuildFile; fileRef = 658287711DBAE1EB718313F5 /* Image2Cols.cpp */; };
		658285BA7855E3A6FF80D258 /* Matrix.cpp in Sources */ = {isa = PBXBuildFile; fileRef = E90B68C91DAE561C00C8292B /* Matrix.cpp */; };
		658285EAB56B039A24A80B11 /* Vector.cpp in Sources */ = {isa = PBXBuildFile; fileRef = 658289342837346C968E8562 /* Vector.cpp */; };
		65828A300A00D3CCAA7FC462 /* main.cpp in Sources */ = {isa = PBXBuildFile; fileRef = 6582888D2458F168B6099396 /* main.cpp */; };
		65828C61BBF0C6B48BEDDBE5 /* Image2Cols.cpp in Sources */ = {isa = PBXBuildFile; fileRef = 658287711DBAE1EB718313F5 /* Image2Cols.cpp */; };
		65828FF7E310BCDF72548086 /* Vector.cpp in Sources */ = {isa = PBXBuildFile; fileRef = 658289342837346C968E8562 /* Vector.cpp */; };
		E90B68CA1DAE561C00C8292B /* Matrix.cpp in Sources */ = {isa = PBXBuildFile; fileRef = E90B68C91DAE561C00C8292B /* Matrix.cpp */; };
		E9D8DBDE1D9EA4D500B59CC5 /* SigLayer.cpp in Sources */ = {isa = PBXBuildFile; fileRef = E9D8DBDC1D9EA4D500B59CC5 /* SigLayer.cpp */; };
		E9D8DBE11D9EA6C800B59CC5 /* TanhLayer.cpp in Sources */ = {isa = PBXBuildFile; fileRef = E9D8DBDF1D9EA6C800B59CC5 /* TanhLayer.cpp */; };
		E9D8DBE51D9EA7B400B59CC5 /* Trainer.cpp in Sources */ = {isa = PBXBuildFile; fileRef = E9D8DBE31D9EA7B400B59CC5 /* Trainer.cpp */; };
		E9DF75111D9E488C00F77E56 /* main.cpp in Sources */ = {isa = PBXBuildFile; fileRef = E9DF75101D9E488C00F77E56 /* main.cpp */; };
		E9DF75331D9E497600F77E56 /* AstraNet.cpp in Sources */ = {isa = PBXBuildFile; fileRef = E9DF752A1D9E497600F77E56 /* AstraNet.cpp */; };
		E9DF75341D9E497600F77E56 /* Layer.cpp in Sources */ = {isa = PBXBuildFile; fileRef = E9DF752D1D9E497600F77E56 /* Layer.cpp */; };
/* End PBXBuildFile section */

/* Begin PBXCopyFilesBuildPhase section */
		6582833E4CE179DB39896307 /* CopyFiles */ = {
			isa = PBXCopyFilesBuildPhase;
			buildActionMask = 2147483647;
			dstPath = /usr/share/man/man1/;
			dstSubfolderSpec = 0;
			files = (
			);
			runOnlyForDeploymentPostprocessing = 1;
		};
		E9DF75041D9E483800F77E56 /* CopyFiles */ = {
			isa = PBXCopyFilesBuildPhase;
			buildActionMask = 2147483647;
			dstPath = /usr/share/man/man1/;
			dstSubfolderSpec = 0;
			files = (
			);
			runOnlyForDeploymentPostprocessing = 1;
		};
/* End PBXCopyFilesBuildPhase section */

/* Begin PBXFileReference section */
		6582870C40F866850EF46A12 /* SoftplusActivationFunction.h */ = {isa = PBXFileReference; fileEncoding = 4; lastKnownFileType = sourcecode.c.h; path = SoftplusActivationFunction.h; sourceTree = "<group>"; };
		658287711DBAE1EB718313F5 /* Image2Cols.cpp */ = {isa = PBXFileReference; fileEncoding = 4; lastKnownFileType = sourcecode.cpp.cpp; path = Image2Cols.cpp; sourceTree = "<group>"; };
		6582888D2458F168B6099396 /* main.cpp */ = {isa = PBXFileReference; lastKnownFileType = sourcecode.cpp.cpp; path = main.cpp; sourceTree = "<group>"; };
		658288ECB3178700513ACE82 /* Image2Cols.h */ = {isa = PBXFileReference; fileEncoding = 4; lastKnownFileType = sourcecode.c.h; path = Image2Cols.h; sourceTree = "<group>"; };
		6582892424FE16F43C8E7DA2 /* TestMath.cpp */ = {isa = PBXFileReference; fileEncoding = 4; lastKnownFileType = sourcecode.cpp.cpp; path = TestMath.cpp; sourceTree = "<group>"; };
		658289342837346C968E8562 /* Vector.cpp */ = {isa = PBXFileReference; fileEncoding = 4; lastKnownFileType = sourcecode.cpp.cpp; path = Vector.cpp; sourceTree = "<group>"; };
		65828BE82DADF11B980E77BD /* ReLUActivationFunction.h */ = {isa = PBXFileReference; fileEncoding = 4; lastKnownFileType = sourcecode.c.h; path = ReLUActivationFunction.h; sourceTree = "<group>"; };
		65828C7C0587BB2F8AD90965 /* astra-nn-tests */ = {isa = PBXFileReference; explicitFileType = "compiled.mach-o.executable"; includeInIndex = 0; path = "astra-nn-tests"; sourceTree = BUILT_PRODUCTS_DIR; };
		E90B68C91DAE561C00C8292B /* Matrix.cpp */ = {isa = PBXFileReference; fileEncoding = 4; lastKnownFileType = sourcecode.cpp.cpp; path = Matrix.cpp; sourceTree = "<group>"; };
		E9AE356D1DA2695900C45683 /* TrainData.h */ = {isa = PBXFileReference; lastKnownFileType = sourcecode.c.h; path = TrainData.h; sourceTree = "<group>"; };
		E9AE35721DA2CF2C00C45683 /* TrainLayerWrapper.h */ = {isa = PBXFileReference; lastKnownFileType = sourcecode.c.h; path = TrainLayerWrapper.h; sourceTree = "<group>"; };
		E9D8DBDC1D9EA4D500B59CC5 /* SigLayer.cpp */ = {isa = PBXFileReference; fileEncoding = 4; lastKnownFileType = sourcecode.cpp.cpp; path = SigLayer.cpp; sourceTree = "<group>"; };
		E9D8DBDD1D9EA4D500B59CC5 /* SigLayer.h */ = {isa = PBXFileReference; fileEncoding = 4; lastKnownFileType = sourcecode.c.h; path = SigLayer.h; sourceTree = "<group>"; };
		E9D8DBDF1D9EA6C800B59CC5 /* TanhLayer.cpp */ = {isa = PBXFileReference; fileEncoding = 4; lastKnownFileType = sourcecode.cpp.cpp; path = TanhLayer.cpp; sourceTree = "<group>"; };
		E9D8DBE01D9EA6C800B59CC5 /* TanhLayer.h */ = {isa = PBXFileReference; fileEncoding = 4; lastKnownFileType = sourcecode.c.h; path = TanhLayer.h; sourceTree = "<group>"; };
		E9D8DBE31D9EA7B400B59CC5 /* Trainer.cpp */ = {isa = PBXFileReference; fileEncoding = 4; lastKnownFileType = sourcecode.cpp.cpp; path = Trainer.cpp; sourceTree = "<group>"; };
		E9D8DBE41D9EA7B400B59CC5 /* Trainer.h */ = {isa = PBXFileReference; fileEncoding = 4; lastKnownFileType = sourcecode.c.h; path = Trainer.h; sourceTree = "<group>"; };
		E9DF75061D9E483900F77E56 /* astra-nn */ = {isa = PBXFileReference; explicitFileType = "compiled.mach-o.executable"; includeInIndex = 0; path = "astra-nn"; sourceTree = BUILT_PRODUCTS_DIR; };
		E9DF75101D9E488C00F77E56 /* main.cpp */ = {isa = PBXFileReference; fileEncoding = 4; lastKnownFileType = sourcecode.cpp.cpp; path = main.cpp; sourceTree = "<group>"; };
		E9DF75271D9E497600F77E56 /* ActivationFunction.h */ = {isa = PBXFileReference; fileEncoding = 4; lastKnownFileType = sourcecode.c.h; path = ActivationFunction.h; sourceTree = "<group>"; };
		E9DF75281D9E497600F77E56 /* SigActivationFunction.h */ = {isa = PBXFileReference; fileEncoding = 4; lastKnownFileType = sourcecode.c.h; path = SigActivationFunction.h; sourceTree = "<group>"; };
		E9DF75291D9E497600F77E56 /* TanhActivationFunction.h */ = {isa = PBXFileReference; fileEncoding = 4; lastKnownFileType = sourcecode.c.h; path = TanhActivationFunction.h; sourceTree = "<group>"; };
		E9DF752A1D9E497600F77E56 /* AstraNet.cpp */ = {isa = PBXFileReference; fileEncoding = 4; lastKnownFileType = sourcecode.cpp.cpp; path = AstraNet.cpp; sourceTree = "<group>"; };
		E9DF752B1D9E497600F77E56 /* AstraNet.h */ = {isa = PBXFileReference; fileEncoding = 4; lastKnownFileType = sourcecode.c.h; path = AstraNet.h; sourceTree = "<group>"; };
		E9DF752D1D9E497600F77E56 /* Layer.cpp */ = {isa = PBXFileReference; fileEncoding = 4; lastKnownFileType = sourcecode.cpp.cpp; path = Layer.cpp; sourceTree = "<group>"; };
		E9DF752E1D9E497600F77E56 /* Layer.h */ = {isa = PBXFileReference; fileEncoding = 4; lastKnownFileType = sourcecode.c.h; path = Layer.h; sourceTree = "<group>"; };
		E9DF75301D9E497600F77E56 /* InputVector.h */ = {isa = PBXFileReference; fileEncoding = 4; lastKnownFileType = sourcecode.c.h; path = InputVector.h; sourceTree = "<group>"; };
		E9DF75311D9E497600F77E56 /* Matrix.h */ = {isa = PBXFileReference; fileEncoding = 4; lastKnownFileType = sourcecode.c.h; path = Matrix.h; sourceTree = "<group>"; };
		E9DF75321D9E497600F77E56 /* Vector.h */ = {isa = PBXFileReference; fileEncoding = 4; lastKnownFileType = sourcecode.c.h; path = Vector.h; sourceTree = "<group>"; };
		E9ED1EAB1DACC99300248306 /* Iterators.h */ = {isa = PBXFileReference; lastKnownFileType = sourcecode.c.h; path = Iterators.h; sourceTree = "<group>"; };
/* End PBXFileReference section */

/* Begin PBXFrameworksBuildPhase section */
		65828DA503B49EF84DB900FC /* Frameworks */ = {
			isa = PBXFrameworksBuildPhase;
			buildActionMask = 2147483647;
			files = (
			);
			runOnlyForDeploymentPostprocessing = 0;
		};
		E9DF75031D9E483800F77E56 /* Frameworks */ = {
			isa = PBXFrameworksBuildPhase;
			buildActionMask = 2147483647;
			files = (
			);
			runOnlyForDeploymentPostprocessing = 0;
		};
/* End PBXFrameworksBuildPhase section */

/* Begin PBXGroup section */
		658284A25CCA58878D5ADD58 /* astra-nn-tests */ = {
			isa = PBXGroup;
			children = (
				6582888D2458F168B6099396 /* main.cpp */,
				6582892424FE16F43C8E7DA2 /* TestMath.cpp */,
			);
			path = "astra-nn-tests";
			sourceTree = "<group>";
		};
		65828643C9493E2CC452781B /* Algorithms */ = {
			isa = PBXGroup;
			children = (
				658287711DBAE1EB718313F5 /* Image2Cols.cpp */,
				658288ECB3178700513ACE82 /* Image2Cols.h */,
			);
			path = Algorithms;
			sourceTree = "<group>";
		};
		E9D8DBE21D9EA73C00B59CC5 /* Trainers */ = {
			isa = PBXGroup;
			children = (
				E9D8DBE31D9EA7B400B59CC5 /* Trainer.cpp */,
				E9D8DBE41D9EA7B400B59CC5 /* Trainer.h */,
				E9AE356D1DA2695900C45683 /* TrainData.h */,
				E9AE35721DA2CF2C00C45683 /* TrainLayerWrapper.h */,
			);
			path = Trainers;
			sourceTree = "<group>";
		};
		E9DF74FD1D9E483800F77E56 = {
			isa = PBXGroup;
			children = (
				E9DF75251D9E497600F77E56 /* AstraNet */,
				E9DF75101D9E488C00F77E56 /* main.cpp */,
				E9DF75071D9E483900F77E56 /* Products */,
				658284A25CCA58878D5ADD58 /* astra-nn-tests */,
			);
			sourceTree = "<group>";
		};
		E9DF75071D9E483900F77E56 /* Products */ = {
			isa = PBXGroup;
			children = (
				E9DF75061D9E483900F77E56 /* astra-nn */,
				65828C7C0587BB2F8AD90965 /* astra-nn-tests */,
			);
			name = Products;
			sourceTree = "<group>";
		};
		E9DF75251D9E497600F77E56 /* AstraNet */ = {
			isa = PBXGroup;
			children = (
				E9ED1EAA1DACC96C00248306 /* Common */,
				E9DF75261D9E497600F77E56 /* ActivationFunctions */,
				E9DF752C1D9E497600F77E56 /* Layers */,
				E9DF752F1D9E497600F77E56 /* Math */,
				E9D8DBE21D9EA73C00B59CC5 /* Trainers */,
				E9DF752A1D9E497600F77E56 /* AstraNet.cpp */,
				E9DF752B1D9E497600F77E56 /* AstraNet.h */,
				65828643C9493E2CC452781B /* Algorithms */,
			);
			path = AstraNet;
			sourceTree = "<group>";
		};
		E9DF75261D9E497600F77E56 /* ActivationFunctions */ = {
			isa = PBXGroup;
			children = (
				E9DF75271D9E497600F77E56 /* ActivationFunction.h */,
				E9DF75281D9E497600F77E56 /* SigActivationFunction.h */,
				E9DF75291D9E497600F77E56 /* TanhActivationFunction.h */,
				6582870C40F866850EF46A12 /* SoftplusActivationFunction.h */,
				65828BE82DADF11B980E77BD /* ReLUActivationFunction.h */,
			);
			path = ActivationFunctions;
			sourceTree = "<group>";
		};
		E9DF752C1D9E497600F77E56 /* Layers */ = {
			isa = PBXGroup;
			children = (
				E9DF752D1D9E497600F77E56 /* Layer.cpp */,
				E9DF752E1D9E497600F77E56 /* Layer.h */,
				E9D8DBDC1D9EA4D500B59CC5 /* SigLayer.cpp */,
				E9D8DBDD1D9EA4D500B59CC5 /* SigLayer.h */,
				E9D8DBDF1D9EA6C800B59CC5 /* TanhLayer.cpp */,
				E9D8DBE01D9EA6C800B59CC5 /* TanhLayer.h */,
			);
			path = Layers;
			sourceTree = "<group>";
		};
		E9DF752F1D9E497600F77E56 /* Math */ = {
			isa = PBXGroup;
			children = (
				E9DF75301D9E497600F77E56 /* InputVector.h */,
				E9DF75311D9E497600F77E56 /* Matrix.h */,
				E90B68C91DAE561C00C8292B /* Matrix.cpp */,
				E9DF75321D9E497600F77E56 /* Vector.h */,
				658289342837346C968E8562 /* Vector.cpp */,
			);
			path = Math;
			sourceTree = "<group>";
		};
		E9ED1EAA1DACC96C00248306 /* Common */ = {
			isa = PBXGroup;
			children = (
				E9ED1EAB1DACC99300248306 /* Iterators.h */,
			);
			path = Common;
			sourceTree = "<group>";
		};
/* End PBXGroup section */

/* Begin PBXNativeTarget section */
		65828F1B7DD4E6889648C212 /* astra-nn-tests */ = {
			isa = PBXNativeTarget;
			buildConfigurationList = 65828C9CA0F1C770543EBC2B /* Build configuration list for PBXNativeTarget "astra-nn-tests" */;
			buildPhases = (
				65828C0E1BA7553086DFE1F8 /* Sources */,
				65828DA503B49EF84DB900FC /* Frameworks */,
				6582833E4CE179DB39896307 /* CopyFiles */,
			);
			buildRules = (
			);
			dependencies = (
			);
			name = "astra-nn-tests";
			productName = "astra-nn-tests";
			productReference = 65828C7C0587BB2F8AD90965 /* astra-nn-tests */;
			productType = "com.apple.product-type.tool";
		};
		E9DF75051D9E483800F77E56 /* astra-nn */ = {
			isa = PBXNativeTarget;
			buildConfigurationList = E9DF750D1D9E483900F77E56 /* Build configuration list for PBXNativeTarget "astra-nn" */;
			buildPhases = (
				E9DF75021D9E483800F77E56 /* Sources */,
				E9DF75031D9E483800F77E56 /* Frameworks */,
				E9DF75041D9E483800F77E56 /* CopyFiles */,
				E9DF75351D9E4B4F00F77E56 /* ShellScript */,
			);
			buildRules = (
			);
			dependencies = (
			);
			name = "astra-nn";
			productName = "astra-nn";
			productReference = E9DF75061D9E483900F77E56 /* astra-nn */;
			productType = "com.apple.product-type.tool";
		};
/* End PBXNativeTarget section */

/* Begin PBXProject section */
		E9DF74FE1D9E483800F77E56 /* Project object */ = {
			isa = PBXProject;
			attributes = {
				LastUpgradeCheck = 0800;
				ORGANIZATIONNAME = pavel;
				TargetAttributes = {
					E9DF75051D9E483800F77E56 = {
						CreatedOnToolsVersion = 8.0;
						DevelopmentTeam = 5B9883WVGJ;
						ProvisioningStyle = Automatic;
					};
				};
			};
			buildConfigurationList = E9DF75011D9E483800F77E56 /* Build configuration list for PBXProject "astra-nn" */;
			compatibilityVersion = "Xcode 3.2";
			developmentRegion = English;
			hasScannedForEncodings = 0;
			knownRegions = (
				en,
			);
			mainGroup = E9DF74FD1D9E483800F77E56;
			productRefGroup = E9DF75071D9E483900F77E56 /* Products */;
			projectDirPath = "";
			projectRoot = "";
			targets = (
				E9DF75051D9E483800F77E56 /* astra-nn */,
				65828F1B7DD4E6889648C212 /* astra-nn-tests */,
			);
		};
/* End PBXProject section */

/* Begin PBXShellScriptBuildPhase section */
		E9DF75351D9E4B4F00F77E56 /* ShellScript */ = {
			isa = PBXShellScriptBuildPhase;
			buildActionMask = 2147483647;
			files = (
			);
			inputPaths = (
			);
			outputPaths = (
			);
			runOnlyForDeploymentPostprocessing = 0;
			shellPath = /bin/sh;
			shellScript = "cppcheck --enable=warning,performance,portability,unusedFunction,missingInclude --suppress=missingIncludeSystem .";
		};
/* End PBXShellScriptBuildPhase section */

/* Begin PBXSourcesBuildPhase section */
		65828C0E1BA7553086DFE1F8 /* Sources */ = {
			isa = PBXSourcesBuildPhase;
			buildActionMask = 2147483647;
			files = (
				65828A300A00D3CCAA7FC462 /* main.cpp in Sources */,
				658285BA7855E3A6FF80D258 /* Matrix.cpp in Sources */,
				65828206761C329C870F7D12 /* TestMath.cpp in Sources */,
				65828C61BBF0C6B48BEDDBE5 /* Image2Cols.cpp in Sources */,
				65828FF7E310BCDF72548086 /* Vector.cpp in Sources */,
			);
			runOnlyForDeploymentPostprocessing = 0;
		};
		E9DF75021D9E483800F77E56 /* Sources */ = {
			isa = PBXSourcesBuildPhase;
			buildActionMask = 2147483647;
			files = (
				E90B68CA1DAE561C00C8292B /* Matrix.cpp in Sources */,
				E9DF75341D9E497600F77E56 /* Layer.cpp in Sources */,
				E9D8DBE51D9EA7B400B59CC5 /* Trainer.cpp in Sources */,
				E9D8DBDE1D9EA4D500B59CC5 /* SigLayer.cpp in Sources */,
				E9DF75111D9E488C00F77E56 /* main.cpp in Sources */,
				E9D8DBE11D9EA6C800B59CC5 /* TanhLayer.cpp in Sources */,
				E9DF75331D9E497600F77E56 /* AstraNet.cpp in Sources */,
				658282224A1F3A27D4407D91 /* Image2Cols.cpp in Sources */,
				658285EAB56B039A24A80B11 /* Vector.cpp in Sources */,
			);
			runOnlyForDeploymentPostprocessing = 0;
		};
/* End PBXSourcesBuildPhase section */

/* Begin XCBuildConfiguration section */
		658283E8D45D9F63B789F5A5 /* Debug */ = {
			isa = XCBuildConfiguration;
			buildSettings = {
				ALWAYS_SEARCH_USER_PATHS = NO;
				CLANG_ANALYZER_NONNULL = YES;
				CLANG_CXX_LANGUAGE_STANDARD = "gnu++0x";
				CLANG_CXX_LIBRARY = "libc++";
				CLANG_ENABLE_MODULES = YES;
				CLANG_ENABLE_OBJC_ARC = YES;
				CLANG_WARN_BOOL_CONVERSION = YES;
				CLANG_WARN_CONSTANT_CONVERSION = YES;
				CLANG_WARN_DIRECT_OBJC_ISA_USAGE = YES_ERROR;
				CLANG_WARN_DOCUMENTATION_COMMENTS = YES;
				CLANG_WARN_EMPTY_BODY = YES;
				CLANG_WARN_ENUM_CONVERSION = YES;
				CLANG_WARN_INFINITE_RECURSION = YES;
				CLANG_WARN_INT_CONVERSION = YES;
				CLANG_WARN_OBJC_ROOT_CLASS = YES_ERROR;
				CLANG_WARN_SUSPICIOUS_MOVES = YES;
				CLANG_WARN_UNREACHABLE_CODE = YES;
				CLANG_WARN__DUPLICATE_METHOD_MATCH = YES;
				CODE_SIGN_IDENTITY = "-";
				COPY_PHASE_STRIP = NO;
				DEBUG_INFORMATION_FORMAT = dwarf;
				ENABLE_STRICT_OBJC_MSGSEND = YES;
				ENABLE_TESTABILITY = YES;
				GCC_C_LANGUAGE_STANDARD = gnu99;
				GCC_DYNAMIC_NO_PIC = NO;
				GCC_NO_COMMON_BLOCKS = YES;
				GCC_OPTIMIZATION_LEVEL = 0;
				GCC_PREPROCESSOR_DEFINITIONS = (
					"DEBUG=1",
					"$(inherited)",
				);
				GCC_WARN_64_TO_32_BIT_CONVERSION = YES;
				GCC_WARN_ABOUT_RETURN_TYPE = YES_ERROR;
				GCC_WARN_UNDECLARED_SELECTOR = YES;
				GCC_WARN_UNINITIALIZED_AUTOS = YES_AGGRESSIVE;
				GCC_WARN_UNUSED_FUNCTION = YES;
				GCC_WARN_UNUSED_VARIABLE = YES;
				MACOSX_DEPLOYMENT_TARGET = 10.11;
				MTL_ENABLE_DEBUG_INFO = YES;
				ONLY_ACTIVE_ARCH = YES;
				OTHER_LDFLAGS = (
					"-lgtest",
				);
				PRODUCT_NAME = "$(TARGET_NAME)";
				SDKROOT = macosx;
			};
			name = Debug;
		};
		65828DCCC791D9BF0412407F /* Release */ = {
			isa = XCBuildConfiguration;
			buildSettings = {
				ALWAYS_SEARCH_USER_PATHS = NO;
				CLANG_ANALYZER_NONNULL = YES;
				CLANG_CXX_LANGUAGE_STANDARD = "gnu++0x";
				CLANG_CXX_LIBRARY = "libc++";
				CLANG_ENABLE_MODULES = YES;
				CLANG_ENABLE_OBJC_ARC = YES;
				CLANG_WARN_BOOL_CONVERSION = YES;
				CLANG_WARN_CONSTANT_CONVERSION = YES;
				CLANG_WARN_DIRECT_OBJC_ISA_USAGE = YES_ERROR;
				CLANG_WARN_DOCUMENTATION_COMMENTS = YES;
				CLANG_WARN_EMPTY_BODY = YES;
				CLANG_WARN_ENUM_CONVERSION = YES;
				CLANG_WARN_INFINITE_RECURSION = YES;
				CLANG_WARN_INT_CONVERSION = YES;
				CLANG_WARN_OBJC_ROOT_CLASS = YES_ERROR;
				CLANG_WARN_SUSPICIOUS_MOVES = YES;
				CLANG_WARN_UNREACHABLE_CODE = YES;
				CLANG_WARN__DUPLICATE_METHOD_MATCH = YES;
				CODE_SIGN_IDENTITY = "-";
				COPY_PHASE_STRIP = NO;
				DEBUG_INFORMATION_FORMAT = "dwarf-with-dsym";
				ENABLE_NS_ASSERTIONS = NO;
				ENABLE_STRICT_OBJC_MSGSEND = YES;
				GCC_C_LANGUAGE_STANDARD = gnu99;
				GCC_NO_COMMON_BLOCKS = YES;
				GCC_WARN_64_TO_32_BIT_CONVERSION = YES;
				GCC_WARN_ABOUT_RETURN_TYPE = YES_ERROR;
				GCC_WARN_UNDECLARED_SELECTOR = YES;
				GCC_WARN_UNINITIALIZED_AUTOS = YES_AGGRESSIVE;
				GCC_WARN_UNUSED_FUNCTION = YES;
				GCC_WARN_UNUSED_VARIABLE = YES;
				MACOSX_DEPLOYMENT_TARGET = 10.11;
				MTL_ENABLE_DEBUG_INFO = NO;
				OTHER_LDFLAGS = (
					"-lgtest",
				);
				PRODUCT_NAME = "$(TARGET_NAME)";
				SDKROOT = macosx;
			};
			name = Release;
		};
		E9DF750B1D9E483900F77E56 /* Debug */ = {
			isa = XCBuildConfiguration;
			buildSettings = {
				ALWAYS_SEARCH_USER_PATHS = NO;
				CLANG_ANALYZER_NONNULL = YES;
				CLANG_CXX_LANGUAGE_STANDARD = "gnu++0x";
				CLANG_CXX_LIBRARY = "libc++";
				CLANG_ENABLE_MODULES = YES;
				CLANG_ENABLE_OBJC_ARC = YES;
				CLANG_WARN_BOOL_CONVERSION = YES;
				CLANG_WARN_CONSTANT_CONVERSION = YES;
				CLANG_WARN_DIRECT_OBJC_ISA_USAGE = YES_ERROR;
				CLANG_WARN_DOCUMENTATION_COMMENTS = YES;
				CLANG_WARN_EMPTY_BODY = YES;
				CLANG_WARN_ENUM_CONVERSION = YES;
				CLANG_WARN_INFINITE_RECURSION = YES;
				CLANG_WARN_INT_CONVERSION = YES;
				CLANG_WARN_OBJC_ROOT_CLASS = YES_ERROR;
				CLANG_WARN_SUSPICIOUS_MOVES = YES;
				CLANG_WARN_UNREACHABLE_CODE = YES;
				CLANG_WARN__DUPLICATE_METHOD_MATCH = YES;
				CODE_SIGN_IDENTITY = "-";
				COPY_PHASE_STRIP = NO;
				DEBUG_INFORMATION_FORMAT = dwarf;
				ENABLE_STRICT_OBJC_MSGSEND = YES;
				ENABLE_TESTABILITY = YES;
				GCC_C_LANGUAGE_STANDARD = gnu99;
				GCC_DYNAMIC_NO_PIC = NO;
				GCC_NO_COMMON_BLOCKS = YES;
				GCC_OPTIMIZATION_LEVEL = 0;
				GCC_PREPROCESSOR_DEFINITIONS = (
					"DEBUG=1",
					"$(inherited)",
				);
				GCC_WARN_64_TO_32_BIT_CONVERSION = YES;
				GCC_WARN_ABOUT_RETURN_TYPE = YES_ERROR;
				GCC_WARN_UNDECLARED_SELECTOR = YES;
				GCC_WARN_UNINITIALIZED_AUTOS = YES_AGGRESSIVE;
				GCC_WARN_UNUSED_FUNCTION = YES;
				GCC_WARN_UNUSED_VARIABLE = YES;
				HEADER_SEARCH_PATHS = (
					/usr/local/include,
				);
				LIBRARY_SEARCH_PATHS = (
					/usr/local/lib,
				);
				MACOSX_DEPLOYMENT_TARGET = 10.11;
				MTL_ENABLE_DEBUG_INFO = YES;
				ONLY_ACTIVE_ARCH = YES;
				SDKROOT = macosx;
			};
			name = Debug;
		};
		E9DF750C1D9E483900F77E56 /* Release */ = {
			isa = XCBuildConfiguration;
			buildSettings = {
				ALWAYS_SEARCH_USER_PATHS = NO;
				CLANG_ANALYZER_NONNULL = YES;
				CLANG_CXX_LANGUAGE_STANDARD = "gnu++0x";
				CLANG_CXX_LIBRARY = "libc++";
				CLANG_ENABLE_MODULES = YES;
				CLANG_ENABLE_OBJC_ARC = YES;
				CLANG_WARN_BOOL_CONVERSION = YES;
				CLANG_WARN_CONSTANT_CONVERSION = YES;
				CLANG_WARN_DIRECT_OBJC_ISA_USAGE = YES_ERROR;
				CLANG_WARN_DOCUMENTATION_COMMENTS = YES;
				CLANG_WARN_EMPTY_BODY = YES;
				CLANG_WARN_ENUM_CONVERSION = YES;
				CLANG_WARN_INFINITE_RECURSION = YES;
				CLANG_WARN_INT_CONVERSION = YES;
				CLANG_WARN_OBJC_ROOT_CLASS = YES_ERROR;
				CLANG_WARN_SUSPICIOUS_MOVES = YES;
				CLANG_WARN_UNREACHABLE_CODE = YES;
				CLANG_WARN__DUPLICATE_METHOD_MATCH = YES;
				CODE_SIGN_IDENTITY = "-";
				COPY_PHASE_STRIP = NO;
				DEBUG_INFORMATION_FORMAT = "dwarf-with-dsym";
				ENABLE_NS_ASSERTIONS = NO;
				ENABLE_STRICT_OBJC_MSGSEND = YES;
				GCC_C_LANGUAGE_STANDARD = gnu99;
				GCC_NO_COMMON_BLOCKS = YES;
				GCC_WARN_64_TO_32_BIT_CONVERSION = YES;
				GCC_WARN_ABOUT_RETURN_TYPE = YES_ERROR;
				GCC_WARN_UNDECLARED_SELECTOR = YES;
				GCC_WARN_UNINITIALIZED_AUTOS = YES_AGGRESSIVE;
				GCC_WARN_UNUSED_FUNCTION = YES;
				GCC_WARN_UNUSED_VARIABLE = YES;
				HEADER_SEARCH_PATHS = (
					/usr/local/include,
				);
				LIBRARY_SEARCH_PATHS = (
					/usr/local/lib,
				);
				MACOSX_DEPLOYMENT_TARGET = 10.11;
				MTL_ENABLE_DEBUG_INFO = NO;
				SDKROOT = macosx;
			};
			name = Release;
		};
		E9DF750E1D9E483900F77E56 /* Debug */ = {
			isa = XCBuildConfiguration;
			buildSettings = {
				DEVELOPMENT_TEAM = 5B9883WVGJ;
				PRODUCT_NAME = "$(TARGET_NAME)";
			};
			name = Debug;
		};
		E9DF750F1D9E483900F77E56 /* Release */ = {
			isa = XCBuildConfiguration;
			buildSettings = {
				DEVELOPMENT_TEAM = 5B9883WVGJ;
				PRODUCT_NAME = "$(TARGET_NAME)";
			};
			name = Release;
		};
/* End XCBuildConfiguration section */

/* Begin XCConfigurationList section */
		65828C9CA0F1C770543EBC2B /* Build configuration list for PBXNativeTarget "astra-nn-tests" */ = {
			isa = XCConfigurationList;
			buildConfigurations = (
				658283E8D45D9F63B789F5A5 /* Debug */,
				65828DCCC791D9BF0412407F /* Release */,
			);
			defaultConfigurationIsVisible = 0;
		};
		E9DF75011D9E483800F77E56 /* Build configuration list for PBXProject "astra-nn" */ = {
			isa = XCConfigurationList;
			buildConfigurations = (
				E9DF750B1D9E483900F77E56 /* Debug */,
				E9DF750C1D9E483900F77E56 /* Release */,
			);
			defaultConfigurationIsVisible = 0;
			defaultConfigurationName = Release;
		};
		E9DF750D1D9E483900F77E56 /* Build configuration list for PBXNativeTarget "astra-nn" */ = {
			isa = XCConfigurationList;
			buildConfigurations = (
				E9DF750E1D9E483900F77E56 /* Debug */,
				E9DF750F1D9E483900F77E56 /* Release */,
			);
			defaultConfigurationIsVisible = 0;
			defaultConfigurationName = Release;
		};
/* End XCConfigurationList section */
	};
	rootObject = E9DF74FE1D9E483800F77E56 /* Project object */;
}
